# This file is automatically @generated by Cargo.
# It is not intended for manual editing.
version = 4

[[package]]
name = "bootloader_api"
version = "0.11.13"
source = "registry+https://github.com/rust-lang/crates.io-index"
checksum = "9af2881e494cfadbfd715dc4dd0cd8ff1f3bab70bed96385da250b392f4d91fc"

[[package]]
name = "kernel"
version = "0.1.0"
dependencies = [
 "bootloader_api",
]
